<?xml version="1.0" encoding="utf-8"?>
<Project ToolsVersion="17.0" xmlns="http://schemas.microsoft.com/developer/msbuild/2003">
  <ItemGroup>
    <CustomBuild Include="C:\Users\Estudiantes\ComputoGrafico2025-4\ComputoGrafico2025-4\Libs\glfw\CMakeFiles\6f7c403c23822b57e588853191626576\generate.stamp.rule">
      <Filter>CMake Rules</Filter>
    </CustomBuild>
  </ItemGroup>
  <ItemGroup>
    <Filter Include="CMake Rules">
      <UniqueIdentifier>{AB17D697-D678-3B16-9F5E-6F99B6A07921}</UniqueIdentifier>
    </Filter>
  </ItemGroup>
</Project>
